
Microsoft Visual Studio Solution File, Format Version 10.00
# Visual C# Express 2008
Project("{FAE04EC0-301F-11D3-BF4B-00C04F79EFBC}") = "LoginServer1", "LoginServer1.csproj", "{7C213729-1A82-4A8C-8DFE-5E3751D5A535}"
EndProject
Global
	GlobalSection(SolutionConfigurationPlatforms) = preSolution
		Debug|Any CPU = Debug|Any CPU
		Release|Any CPU = Release|Any CPU
	EndGlobalSection
	GlobalSection(ProjectConfigurationPlatforms) = postSolution
		{7C213729-1A82-4A8C-8DFE-5E3751D5A535}.Debug|Any CPU.ActiveCfg = Debug|Any CPU
		{7C213729-1A82-4A8C-8DFE-5E3751D5A535}.Debug|Any CPU.Build.0 = Debug|Any CPU
		{7C213729-1A82-4A8C-8DFE-5E3751D5A535}.Release|Any CPU.ActiveCfg = Release|Any CPU
		{7C213729-1A82-4A8C-8DFE-5E3751D5A535}.Release|Any CPU.Build.0 = Release|Any CPU
	EndGlobalSection
	GlobalSection(SolutionProperties) = preSolution
		HideSolutionNode = FALSE
	EndGlobalSection
EndGlobal
