
Microsoft Visual Studio Solution File, Format Version 10.00
# Visual C# Express 2008
Project("{FAE04EC0-301F-11D3-BF4B-00C04F79EFBC}") = "BynaCam Recorder", "BynaCam Recorder.csproj", "{2BD3A00E-5CEE-4123-893A-33A4F9356C35}"
EndProject
Global
	GlobalSection(SolutionConfigurationPlatforms) = preSolution
		Debug|Any CPU = Debug|Any CPU
		Release|Any CPU = Release|Any CPU
	EndGlobalSection
	GlobalSection(ProjectConfigurationPlatforms) = postSolution
		{2BD3A00E-5CEE-4123-893A-33A4F9356C35}.Debug|Any CPU.ActiveCfg = Debug|Any CPU
		{2BD3A00E-5CEE-4123-893A-33A4F9356C35}.Debug|Any CPU.Build.0 = Debug|Any CPU
		{2BD3A00E-5CEE-4123-893A-33A4F9356C35}.Release|Any CPU.ActiveCfg = Release|Any CPU
		{2BD3A00E-5CEE-4123-893A-33A4F9356C35}.Release|Any CPU.Build.0 = Release|Any CPU
	EndGlobalSection
	GlobalSection(SolutionProperties) = preSolution
		HideSolutionNode = FALSE
	EndGlobalSection
EndGlobal
